
Microsoft Visual Studio Solution File, Format Version 12.00
Project("{FAE04EC0-301F-11D3-BF4B-00C04F79EFBC}") = "Demo", "Demo\Demo.csproj", "{ECBFC927-8F1D-4CAA-A073-3E49FCB4F70D}"
EndProject
Project("{FAE04EC0-301F-11D3-BF4B-00C04F79EFBC}") = "DemoTests", "DemoTests\DemoTests.csproj", "{DD186804-9F35-4B1E-AFF8-E22D3D1712AE}"
EndProject
Project("{FAE04EC0-301F-11D3-BF4B-00C04F79EFBC}") = "CustomDI", "CustomDI\CustomDI.csproj", "{EB657810-73E9-4B87-B0FD-0E15436EE8CC}"
EndProject
Global
	GlobalSection(SolutionConfigurationPlatforms) = preSolution
		Debug|Any CPU = Debug|Any CPU
		Release|Any CPU = Release|Any CPU
	EndGlobalSection
	GlobalSection(ProjectConfigurationPlatforms) = postSolution
		{ECBFC927-8F1D-4CAA-A073-3E49FCB4F70D}.Debug|Any CPU.ActiveCfg = Debug|Any CPU
		{ECBFC927-8F1D-4CAA-A073-3E49FCB4F70D}.Debug|Any CPU.Build.0 = Debug|Any CPU
		{ECBFC927-8F1D-4CAA-A073-3E49FCB4F70D}.Release|Any CPU.ActiveCfg = Release|Any CPU
		{ECBFC927-8F1D-4CAA-A073-3E49FCB4F70D}.Release|Any CPU.Build.0 = Release|Any CPU
		{DD186804-9F35-4B1E-AFF8-E22D3D1712AE}.Debug|Any CPU.ActiveCfg = Debug|Any CPU
		{DD186804-9F35-4B1E-AFF8-E22D3D1712AE}.Debug|Any CPU.Build.0 = Debug|Any CPU
		{DD186804-9F35-4B1E-AFF8-E22D3D1712AE}.Release|Any CPU.ActiveCfg = Release|Any CPU
		{DD186804-9F35-4B1E-AFF8-E22D3D1712AE}.Release|Any CPU.Build.0 = Release|Any CPU
		{EB657810-73E9-4B87-B0FD-0E15436EE8CC}.Debug|Any CPU.ActiveCfg = Debug|Any CPU
		{EB657810-73E9-4B87-B0FD-0E15436EE8CC}.Debug|Any CPU.Build.0 = Debug|Any CPU
		{EB657810-73E9-4B87-B0FD-0E15436EE8CC}.Release|Any CPU.ActiveCfg = Release|Any CPU
		{EB657810-73E9-4B87-B0FD-0E15436EE8CC}.Release|Any CPU.Build.0 = Release|Any CPU
	EndGlobalSection
EndGlobal
